
Microsoft Visual Studio Solution File, Format Version 12.00
# Visual Studio Version 17
VisualStudioVersion = 17.0.31903.59
MinimumVisualStudioVersion = 10.0.40219.1
Project("{2150E333-8FDC-42A3-9474-1A3956D46DE8}") = "src", "src", "{827E0CD3-B72D-47B6-A68D-7590B98EB39B}"
EndProject
Project("{FAE04EC0-301F-11D3-BF4B-00C04F79EFBC}") = "BrokerHub.Domain", "src\BrokerHub.Domain\BrokerHub.Domain.csproj", "{18CAFC5D-B80E-46D4-9B19-0F2B0BA3A074}"
EndProject
Project("{FAE04EC0-301F-11D3-BF4B-00C04F79EFBC}") = "BrokerHub.Application", "src\BrokerHub.Application\BrokerHub.Application.csproj", "{D8565930-2D01-4FA7-AF83-CC61A679C750}"
EndProject
Project("{FAE04EC0-301F-11D3-BF4B-00C04F79EFBC}") = "BrokerHub.Infrastructure", "src\BrokerHub.Infrastructure\BrokerHub.Infrastructure.csproj", "{289E9C47-138F-43FE-9D53-1383FBBA86D5}"
EndProject
Project("{FAE04EC0-301F-11D3-BF4B-00C04F79EFBC}") = "BrokerHub.Api", "src\BrokerHub.Api\BrokerHub.Api.csproj", "{4F22745B-13BA-461A-BB29-43C002B62B7B}"
EndProject
Project("{2150E333-8FDC-42A3-9474-1A3956D46DE8}") = "tests", "tests", "{0AB3BF05-4346-4AA6-1389-037BE0695223}"
EndProject
Project("{FAE04EC0-301F-11D3-BF4B-00C04F79EFBC}") = "BrokerHub.Domain.Tests", "tests\BrokerHub.Domain.Tests\BrokerHub.Domain.Tests.csproj", "{BF4FF870-45CA-48A9-A7BC-041CC5B9033B}"
EndProject
Project("{FAE04EC0-301F-11D3-BF4B-00C04F79EFBC}") = "BrokerHub.Application.Tests", "tests\BrokerHub.Application.Tests\BrokerHub.Application.Tests.csproj", "{19CC77A7-89E2-4A1E-8FD6-6BA3FD386B9D}"
EndProject
Project("{FAE04EC0-301F-11D3-BF4B-00C04F79EFBC}") = "BrokerHub.Architecture.Tests", "tests\BrokerHub.Architecture.Tests\BrokerHub.Architecture.Tests.csproj", "{AC57A20B-A6F3-4B24-A568-AE120B8443D3}"
EndProject
Project("{FAE04EC0-301F-11D3-BF4B-00C04F79EFBC}") = "BrokerHub.IntegrationTests", "tests\BrokerHub.IntegrationTests\BrokerHub.IntegrationTests.csproj", "{843FEFB2-078E-4A73-BA46-DBDC0C07D16B}"
EndProject
Global
	GlobalSection(SolutionConfigurationPlatforms) = preSolution
		Debug|Any CPU = Debug|Any CPU
		Debug|x64 = Debug|x64
		Debug|x86 = Debug|x86
		Release|Any CPU = Release|Any CPU
		Release|x64 = Release|x64
		Release|x86 = Release|x86
	EndGlobalSection
	GlobalSection(ProjectConfigurationPlatforms) = postSolution
		{18CAFC5D-B80E-46D4-9B19-0F2B0BA3A074}.Debug|Any CPU.ActiveCfg = Debug|Any CPU
		{18CAFC5D-B80E-46D4-9B19-0F2B0BA3A074}.Debug|Any CPU.Build.0 = Debug|Any CPU
		{18CAFC5D-B80E-46D4-9B19-0F2B0BA3A074}.Debug|x64.ActiveCfg = Debug|Any CPU
		{18CAFC5D-B80E-46D4-9B19-0F2B0BA3A074}.Debug|x64.Build.0 = Debug|Any CPU
		{18CAFC5D-B80E-46D4-9B19-0F2B0BA3A074}.Debug|x86.ActiveCfg = Debug|Any CPU
		{18CAFC5D-B80E-46D4-9B19-0F2B0BA3A074}.Debug|x86.Build.0 = Debug|Any CPU
		{18CAFC5D-B80E-46D4-9B19-0F2B0BA3A074}.Release|Any CPU.ActiveCfg = Release|Any CPU
		{18CAFC5D-B80E-46D4-9B19-0F2B0BA3A074}.Release|Any CPU.Build.0 = Release|Any CPU
		{18CAFC5D-B80E-46D4-9B19-0F2B0BA3A074}.Release|x64.ActiveCfg = Release|Any CPU
		{18CAFC5D-B80E-46D4-9B19-0F2B0BA3A074}.Release|x64.Build.0 = Release|Any CPU
		{18CAFC5D-B80E-46D4-9B19-0F2B0BA3A074}.Release|x86.ActiveCfg = Release|Any CPU
		{18CAFC5D-B80E-46D4-9B19-0F2B0BA3A074}.Release|x86.Build.0 = Release|Any CPU
		{D8565930-2D01-4FA7-AF83-CC61A679C750}.Debug|Any CPU.ActiveCfg = Debug|Any CPU
		{D8565930-2D01-4FA7-AF83-CC61A679C750}.Debug|Any CPU.Build.0 = Debug|Any CPU
		{D8565930-2D01-4FA7-AF83-CC61A679C750}.Debug|x64.ActiveCfg = Debug|Any CPU
		{D8565930-2D01-4FA7-AF83-CC61A679C750}.Debug|x64.Build.0 = Debug|Any CPU
		{D8565930-2D01-4FA7-AF83-CC61A679C750}.Debug|x86.ActiveCfg = Debug|Any CPU
		{D8565930-2D01-4FA7-AF83-CC61A679C750}.Debug|x86.Build.0 = Debug|Any CPU
		{D8565930-2D01-4FA7-AF83-CC61A679C750}.Release|Any CPU.ActiveCfg = Release|Any CPU
		{D8565930-2D01-4FA7-AF83-CC61A679C750}.Release|Any CPU.Build.0 = Release|Any CPU
		{D8565930-2D01-4FA7-AF83-CC61A679C750}.Release|x64.ActiveCfg = Release|Any CPU
		{D8565930-2D01-4FA7-AF83-CC61A679C750}.Release|x64.Build.0 = Release|Any CPU
		{D8565930-2D01-4FA7-AF83-CC61A679C750}.Release|x86.ActiveCfg = Release|Any CPU
		{D8565930-2D01-4FA7-AF83-CC61A679C750}.Release|x86.Build.0 = Release|Any CPU
		{289E9C47-138F-43FE-9D53-1383FBBA86D5}.Debug|Any CPU.ActiveCfg = Debug|Any CPU
		{289E9C47-138F-43FE-9D53-1383FBBA86D5}.Debug|Any CPU.Build.0 = Debug|Any CPU
		{289E9C47-138F-43FE-9D53-1383FBBA86D5}.Debug|x64.ActiveCfg = Debug|Any CPU
		{289E9C47-138F-43FE-9D53-1383FBBA86D5}.Debug|x64.Build.0 = Debug|Any CPU
		{289E9C47-138F-43FE-9D53-1383FBBA86D5}.Debug|x86.ActiveCfg = Debug|Any CPU
		{289E9C47-138F-43FE-9D53-1383FBBA86D5}.Debug|x86.Build.0 = Debug|Any CPU
		{289E9C47-138F-43FE-9D53-1383FBBA86D5}.Release|Any CPU.ActiveCfg = Release|Any CPU
		{289E9C47-138F-43FE-9D53-1383FBBA86D5}.Release|Any CPU.Build.0 = Release|Any CPU
		{289E9C47-138F-43FE-9D53-1383FBBA86D5}.Release|x64.ActiveCfg = Release|Any CPU
		{289E9C47-138F-43FE-9D53-1383FBBA86D5}.Release|x64.Build.0 = Release|Any CPU
		{289E9C47-138F-43FE-9D53-1383FBBA86D5}.Release|x86.ActiveCfg = Release|Any CPU
		{289E9C47-138F-43FE-9D53-1383FBBA86D5}.Release|x86.Build.0 = Release|Any CPU
		{4F22745B-13BA-461A-BB29-43C002B62B7B}.Debug|Any CPU.ActiveCfg = Debug|Any CPU
		{4F22745B-13BA-461A-BB29-43C002B62B7B}.Debug|Any CPU.Build.0 = Debug|Any CPU
		{4F22745B-13BA-461A-BB29-43C002B62B7B}.Debug|x64.ActiveCfg = Debug|Any CPU
		{4F22745B-13BA-461A-BB29-43C002B62B7B}.Debug|x64.Build.0 = Debug|Any CPU
		{4F22745B-13BA-461A-BB29-43C002B62B7B}.Debug|x86.ActiveCfg = Debug|Any CPU
		{4F22745B-13BA-461A-BB29-43C002B62B7B}.Debug|x86.Build.0 = Debug|Any CPU
		{4F22745B-13BA-461A-BB29-43C002B62B7B}.Release|Any CPU.ActiveCfg = Release|Any CPU
		{4F22745B-13BA-461A-BB29-43C002B62B7B}.Release|Any CPU.Build.0 = Release|Any CPU
		{4F22745B-13BA-461A-BB29-43C002B62B7B}.Release|x64.ActiveCfg = Release|Any CPU
		{4F22745B-13BA-461A-BB29-43C002B62B7B}.Release|x64.Build.0 = Release|Any CPU
		{4F22745B-13BA-461A-BB29-43C002B62B7B}.Release|x86.ActiveCfg = Release|Any CPU
		{4F22745B-13BA-461A-BB29-43C002B62B7B}.Release|x86.Build.0 = Release|Any CPU
		{BF4FF870-45CA-48A9-A7BC-041CC5B9033B}.Debug|Any CPU.ActiveCfg = Debug|Any CPU
		{BF4FF870-45CA-48A9-A7BC-041CC5B9033B}.Debug|Any CPU.Build.0 = Debug|Any CPU
		{BF4FF870-45CA-48A9-A7BC-041CC5B9033B}.Debug|x64.ActiveCfg = Debug|Any CPU
		{BF4FF870-45CA-48A9-A7BC-041CC5B9033B}.Debug|x64.Build.0 = Debug|Any CPU
		{BF4FF870-45CA-48A9-A7BC-041CC5B9033B}.Debug|x86.ActiveCfg = Debug|Any CPU
		{BF4FF870-45CA-48A9-A7BC-041CC5B9033B}.Debug|x86.Build.0 = Debug|Any CPU
		{BF4FF870-45CA-48A9-A7BC-041CC5B9033B}.Release|Any CPU.ActiveCfg = Release|Any CPU
		{BF4FF870-45CA-48A9-A7BC-041CC5B9033B}.Release|Any CPU.Build.0 = Release|Any CPU
		{BF4FF870-45CA-48A9-A7BC-041CC5B9033B}.Release|x64.ActiveCfg = Release|Any CPU
		{BF4FF870-45CA-48A9-A7BC-041CC5B9033B}.Release|x64.Build.0 = Release|Any CPU
		{BF4FF870-45CA-48A9-A7BC-041CC5B9033B}.Release|x86.ActiveCfg = Release|Any CPU
		{BF4FF870-45CA-48A9-A7BC-041CC5B9033B}.Release|x86.Build.0 = Release|Any CPU
		{19CC77A7-89E2-4A1E-8FD6-6BA3FD386B9D}.Debug|Any CPU.ActiveCfg = Debug|Any CPU
		{19CC77A7-89E2-4A1E-8FD6-6BA3FD386B9D}.Debug|Any CPU.Build.0 = Debug|Any CPU
		{19CC77A7-89E2-4A1E-8FD6-6BA3FD386B9D}.Debug|x64.ActiveCfg = Debug|Any CPU
		{19CC77A7-89E2-4A1E-8FD6-6BA3FD386B9D}.Debug|x64.Build.0 = Debug|Any CPU
		{19CC77A7-89E2-4A1E-8FD6-6BA3FD386B9D}.Debug|x86.ActiveCfg = Debug|Any CPU
		{19CC77A7-89E2-4A1E-8FD6-6BA3FD386B9D}.Debug|x86.Build.0 = Debug|Any CPU
		{19CC77A7-89E2-4A1E-8FD6-6BA3FD386B9D}.Release|Any CPU.ActiveCfg = Release|Any CPU
		{19CC77A7-89E2-4A1E-8FD6-6BA3FD386B9D}.Release|Any CPU.Build.0 = Release|Any CPU
		{19CC77A7-89E2-4A1E-8FD6-6BA3FD386B9D}.Release|x64.ActiveCfg = Release|Any CPU
		{19CC77A7-89E2-4A1E-8FD6-6BA3FD386B9D}.Release|x64.Build.0 = Release|Any CPU
		{19CC77A7-89E2-4A1E-8FD6-6BA3FD386B9D}.Release|x86.ActiveCfg = Release|Any CPU
		{19CC77A7-89E2-4A1E-8FD6-6BA3FD386B9D}.Release|x86.Build.0 = Release|Any CPU
		{AC57A20B-A6F3-4B24-A568-AE120B8443D3}.Debug|Any CPU.ActiveCfg = Debug|Any CPU
		{AC57A20B-A6F3-4B24-A568-AE120B8443D3}.Debug|Any CPU.Build.0 = Debug|Any CPU
		{AC57A20B-A6F3-4B24-A568-AE120B8443D3}.Debug|x64.ActiveCfg = Debug|Any CPU
		{AC57A20B-A6F3-4B24-A568-AE120B8443D3}.Debug|x64.Build.0 = Debug|Any CPU
		{AC57A20B-A6F3-4B24-A568-AE120B8443D3}.Debug|x86.ActiveCfg = Debug|Any CPU
		{AC57A20B-A6F3-4B24-A568-AE120B8443D3}.Debug|x86.Build.0 = Debug|Any CPU
		{AC57A20B-A6F3-4B24-A568-AE120B8443D3}.Release|Any CPU.ActiveCfg = Release|Any CPU
		{AC57A20B-A6F3-4B24-A568-AE120B8443D3}.Release|Any CPU.Build.0 = Release|Any CPU
		{AC57A20B-A6F3-4B24-A568-AE120B8443D3}.Release|x64.ActiveCfg = Release|Any CPU
		{AC57A20B-A6F3-4B24-A568-AE120B8443D3}.Release|x64.Build.0 = Release|Any CPU
		{AC57A20B-A6F3-4B24-A568-AE120B8443D3}.Release|x86.ActiveCfg = Release|Any CPU
		{AC57A20B-A6F3-4B24-A568-AE120B8443D3}.Release|x86.Build.0 = Release|Any CPU
		{843FEFB2-078E-4A73-BA46-DBDC0C07D16B}.Debug|Any CPU.ActiveCfg = Debug|Any CPU
		{843FEFB2-078E-4A73-BA46-DBDC0C07D16B}.Debug|Any CPU.Build.0 = Debug|Any CPU
		{843FEFB2-078E-4A73-BA46-DBDC0C07D16B}.Debug|x64.ActiveCfg = Debug|Any CPU
		{843FEFB2-078E-4A73-BA46-DBDC0C07D16B}.Debug|x64.Build.0 = Debug|Any CPU
		{843FEFB2-078E-4A73-BA46-DBDC0C07D16B}.Debug|x86.ActiveCfg = Debug|Any CPU
		{843FEFB2-078E-4A73-BA46-DBDC0C07D16B}.Debug|x86.Build.0 = Debug|Any CPU
		{843FEFB2-078E-4A73-BA46-DBDC0C07D16B}.Release|Any CPU.ActiveCfg = Release|Any CPU
		{843FEFB2-078E-4A73-BA46-DBDC0C07D16B}.Release|Any CPU.Build.0 = Release|Any CPU
		{843FEFB2-078E-4A73-BA46-DBDC0C07D16B}.Release|x64.ActiveCfg = Release|Any CPU
		{843FEFB2-078E-4A73-BA46-DBDC0C07D16B}.Release|x64.Build.0 = Release|Any CPU
		{843FEFB2-078E-4A73-BA46-DBDC0C07D16B}.Release|x86.ActiveCfg = Release|Any CPU
		{843FEFB2-078E-4A73-BA46-DBDC0C07D16B}.Release|x86.Build.0 = Release|Any CPU
	EndGlobalSection
	GlobalSection(SolutionProperties) = preSolution
		HideSolutionNode = FALSE
	EndGlobalSection
	GlobalSection(NestedProjects) = preSolution
		{18CAFC5D-B80E-46D4-9B19-0F2B0BA3A074} = {827E0CD3-B72D-47B6-A68D-7590B98EB39B}
		{D8565930-2D01-4FA7-AF83-CC61A679C750} = {827E0CD3-B72D-47B6-A68D-7590B98EB39B}
		{289E9C47-138F-43FE-9D53-1383FBBA86D5} = {827E0CD3-B72D-47B6-A68D-7590B98EB39B}
		{4F22745B-13BA-461A-BB29-43C002B62B7B} = {827E0CD3-B72D-47B6-A68D-7590B98EB39B}
		{BF4FF870-45CA-48A9-A7BC-041CC5B9033B} = {0AB3BF05-4346-4AA6-1389-037BE0695223}
		{19CC77A7-89E2-4A1E-8FD6-6BA3FD386B9D} = {0AB3BF05-4346-4AA6-1389-037BE0695223}
		{AC57A20B-A6F3-4B24-A568-AE120B8443D3} = {0AB3BF05-4346-4AA6-1389-037BE0695223}
		{843FEFB2-078E-4A73-BA46-DBDC0C07D16B} = {0AB3BF05-4346-4AA6-1389-037BE0695223}
	EndGlobalSection
EndGlobal
